{
  "nodes": {
    "nixpkgs": {
      "locked": {
        "lastModified": 1680819799,
        "narHash": "sha256-zuHl2LNr1Bll64zfr7805Yvvu23S1e//5Up0oqvjknY=",
        "owner": "nixos",
        "repo": "nixpkgs",
        "rev": "144133c526040a5140e89366ff72ac2d387e9bbb",
        "type": "github"
      },
      "original": {
        "owner": "nixos",
        "ref": "nixpkgs-unstable",
        "repo": "nixpkgs",
        "type": "github"
      }
    },
    "root": {
      "inputs": {
        "nixpkgs": "nixpkgs",
        "utils": "utils"
      }
    },
    "utils": {
      "locked": {
        "lastModified": 1680946745,
        "narHash": "sha256-KqGlwg9UTDsFBZZB8wzXgMnc8XQm95LtSbFvBsnqkPI=",
        "owner": "numtide",
        "repo": "flake-utils",
        "rev": "946da791763db1c306b86a8bd3828bf5814a1247",
        "type": "github"
      },
      "original": {
        "owner": "numtide",
        "repo": "flake-utils",
        "type": "github"
      }
    }
  },
  "root": "root",
  "version": 7
}
